// !$*UTF8*$!
{
	archiveVersion = 1;
	classes = {
	};
	objectVersion = 56;
	objects = {

/* Begin PBXBuildFile section */
		4234B6F62B80F3BD0000C12C /* HeroesCollectionViewController.swift in Sources */ = {isa = PBXBuildFile; fileRef = 4234B6F52B80F3BD0000C12C /* HeroesCollectionViewController.swift */; };
		4234B6F72B80F3C20000C12C /* HeroesCollectionViewController.swift in Sources */ = {isa = PBXBuildFile; fileRef = 4234B6F52B80F3BD0000C12C /* HeroesCollectionViewController.swift */; };
		4234B6F82B80F3C20000C12C /* HeroesCollectionViewController.swift in Sources */ = {isa = PBXBuildFile; fileRef = 4234B6F52B80F3BD0000C12C /* HeroesCollectionViewController.swift */; };
		424EC0A22B6660A3009CA460 /* DetailViewController.swift in Sources */ = {isa = PBXBuildFile; fileRef = 42DC88302B644B8400250F82 /* DetailViewController.swift */; };
		424EC0A32B6660A4009CA460 /* DetailViewController.swift in Sources */ = {isa = PBXBuildFile; fileRef = 42DC88302B644B8400250F82 /* DetailViewController.swift */; };
		424EC0A62B6660DA009CA460 /* DetailViewController.xib in Resources */ = {isa = PBXBuildFile; fileRef = 42DC88312B644B8400250F82 /* DetailViewController.xib */; };
		424EC0A72B6660DB009CA460 /* DetailViewController.xib in Resources */ = {isa = PBXBuildFile; fileRef = 42DC88312B644B8400250F82 /* DetailViewController.xib */; };
		424EC0A82B6660EF009CA460 /* HeroesCollectionViewController.xib in Resources */ = {isa = PBXBuildFile; fileRef = 42DC882A2B643C4400250F82 /* HeroesCollectionViewController.xib */; };
		424EC0A92B6660EF009CA460 /* HeroesCollectionViewController.xib in Resources */ = {isa = PBXBuildFile; fileRef = 42DC882A2B643C4400250F82 /* HeroesCollectionViewController.xib */; };
		424EC0AA2B66610D009CA460 /* ModelDragonBall.swift in Sources */ = {isa = PBXBuildFile; fileRef = 42DC88232B642F1000250F82 /* ModelDragonBall.swift */; };
		424EC0AB2B66610E009CA460 /* ModelDragonBall.swift in Sources */ = {isa = PBXBuildFile; fileRef = 42DC88232B642F1000250F82 /* ModelDragonBall.swift */; };
		424EC0AC2B666118009CA460 /* HeroesUseCase.swift in Sources */ = {isa = PBXBuildFile; fileRef = 42DC88392B64E11100250F82 /* HeroesUseCase.swift */; };
		424EC0AD2B666119009CA460 /* HeroesUseCase.swift in Sources */ = {isa = PBXBuildFile; fileRef = 42DC88392B64E11100250F82 /* HeroesUseCase.swift */; };
		42525D0C2B66CC2700644E24 /* ViewModelTest.swift in Sources */ = {isa = PBXBuildFile; fileRef = 42525D0B2B66CC2700644E24 /* ViewModelTest.swift */; };
		425BE73A2B80F8AB00B094B9 /* TransformationsViewModel.swift in Sources */ = {isa = PBXBuildFile; fileRef = 425BE7392B80F8AB00B094B9 /* TransformationsViewModel.swift */; };
		425BE73D2B80F8D900B094B9 /* TransformationsViewController.swift in Sources */ = {isa = PBXBuildFile; fileRef = 425BE73B2B80F8D900B094B9 /* TransformationsViewController.swift */; };
		425BE73E2B80F8D900B094B9 /* TransformationsViewController.xib in Resources */ = {isa = PBXBuildFile; fileRef = 425BE73C2B80F8D900B094B9 /* TransformationsViewController.xib */; };
		426FF1EB2B663DE0000F58FB /* UseCaseTest.swift in Sources */ = {isa = PBXBuildFile; fileRef = 426FF1EA2B663DE0000F58FB /* UseCaseTest.swift */; };
		426FF1EF2B6648FF000F58FB /* MockURLProtocol.swift in Sources */ = {isa = PBXBuildFile; fileRef = 426FF1EE2B6648FF000F58FB /* MockURLProtocol.swift */; };
		42DC876A2B60EA1700250F82 /* AppDelegate.swift in Sources */ = {isa = PBXBuildFile; fileRef = 42DC87692B60EA1700250F82 /* AppDelegate.swift */; };
		42DC876C2B60EA1700250F82 /* SceneDelegate.swift in Sources */ = {isa = PBXBuildFile; fileRef = 42DC876B2B60EA1700250F82 /* SceneDelegate.swift */; };
		42DC87732B60EA1800250F82 /* Assets.xcassets in Resources */ = {isa = PBXBuildFile; fileRef = 42DC87722B60EA1800250F82 /* Assets.xcassets */; };
		42DC87762B60EA1800250F82 /* LaunchScreen.storyboard in Resources */ = {isa = PBXBuildFile; fileRef = 42DC87742B60EA1800250F82 /* LaunchScreen.storyboard */; };
		42DC878B2B60EA1900250F82 /* DragonBallMVVMUITests.swift in Sources */ = {isa = PBXBuildFile; fileRef = 42DC878A2B60EA1900250F82 /* DragonBallMVVMUITests.swift */; };
		42DC878D2B60EA1900250F82 /* DragonBallMVVMUITestsLaunchTests.swift in Sources */ = {isa = PBXBuildFile; fileRef = 42DC878C2B60EA1900250F82 /* DragonBallMVVMUITestsLaunchTests.swift */; };
		42DC87B82B6185EA00250F82 /* LoginViewController.swift in Sources */ = {isa = PBXBuildFile; fileRef = 42DC87B62B6185EA00250F82 /* LoginViewController.swift */; };
		42DC87B92B6185EA00250F82 /* LoginViewController.swift in Sources */ = {isa = PBXBuildFile; fileRef = 42DC87B62B6185EA00250F82 /* LoginViewController.swift */; };
		42DC87BA2B6185EA00250F82 /* LoginViewController.swift in Sources */ = {isa = PBXBuildFile; fileRef = 42DC87B62B6185EA00250F82 /* LoginViewController.swift */; };
		42DC87BB2B6185EA00250F82 /* LoginViewController.xib in Resources */ = {isa = PBXBuildFile; fileRef = 42DC87B72B6185EA00250F82 /* LoginViewController.xib */; };
		42DC87BC2B6185EA00250F82 /* LoginViewController.xib in Resources */ = {isa = PBXBuildFile; fileRef = 42DC87B72B6185EA00250F82 /* LoginViewController.xib */; };
		42DC87BD2B6185EA00250F82 /* LoginViewController.xib in Resources */ = {isa = PBXBuildFile; fileRef = 42DC87B72B6185EA00250F82 /* LoginViewController.xib */; };
		42DC87C02B618B5E00250F82 /* LoginViewModel.swift in Sources */ = {isa = PBXBuildFile; fileRef = 42DC87BF2B618B5E00250F82 /* LoginViewModel.swift */; };
		42DC87C12B618B5E00250F82 /* LoginViewModel.swift in Sources */ = {isa = PBXBuildFile; fileRef = 42DC87BF2B618B5E00250F82 /* LoginViewModel.swift */; };
		42DC87C22B618B5E00250F82 /* LoginViewModel.swift in Sources */ = {isa = PBXBuildFile; fileRef = 42DC87BF2B618B5E00250F82 /* LoginViewModel.swift */; };
		42DC87C42B618D5E00250F82 /* GenericSatatusLoad.swift in Sources */ = {isa = PBXBuildFile; fileRef = 42DC87C32B618D5E00250F82 /* GenericSatatusLoad.swift */; };
		42DC87C52B618D5E00250F82 /* GenericSatatusLoad.swift in Sources */ = {isa = PBXBuildFile; fileRef = 42DC87C32B618D5E00250F82 /* GenericSatatusLoad.swift */; };
		42DC87C62B618D5E00250F82 /* GenericSatatusLoad.swift in Sources */ = {isa = PBXBuildFile; fileRef = 42DC87C32B618D5E00250F82 /* GenericSatatusLoad.swift */; };
		42DC87D92B61A68500250F82 /* LoginUseCase.swift in Sources */ = {isa = PBXBuildFile; fileRef = 42DC87D82B61A68500250F82 /* LoginUseCase.swift */; };
		42DC87DA2B61A68500250F82 /* LoginUseCase.swift in Sources */ = {isa = PBXBuildFile; fileRef = 42DC87D82B61A68500250F82 /* LoginUseCase.swift */; };
		42DC87DB2B61A68500250F82 /* LoginUseCase.swift in Sources */ = {isa = PBXBuildFile; fileRef = 42DC87D82B61A68500250F82 /* LoginUseCase.swift */; };
		42DC87DE2B61A75200250F82 /* EndPoints.swift in Sources */ = {isa = PBXBuildFile; fileRef = 42DC87DD2B61A75200250F82 /* EndPoints.swift */; };
		42DC87DF2B61A75200250F82 /* EndPoints.swift in Sources */ = {isa = PBXBuildFile; fileRef = 42DC87DD2B61A75200250F82 /* EndPoints.swift */; };
		42DC87E02B61A75200250F82 /* EndPoints.swift in Sources */ = {isa = PBXBuildFile; fileRef = 42DC87DD2B61A75200250F82 /* EndPoints.swift */; };
		42DC87E22B61A7CB00250F82 /* NetworkError.swift in Sources */ = {isa = PBXBuildFile; fileRef = 42DC87E12B61A7CB00250F82 /* NetworkError.swift */; };
		42DC87E32B61A7CB00250F82 /* NetworkError.swift in Sources */ = {isa = PBXBuildFile; fileRef = 42DC87E12B61A7CB00250F82 /* NetworkError.swift */; };
		42DC87E42B61A7CB00250F82 /* NetworkError.swift in Sources */ = {isa = PBXBuildFile; fileRef = 42DC87E12B61A7CB00250F82 /* NetworkError.swift */; };
		42DC87E62B61A83C00250F82 /* HTTPMethods.swift in Sources */ = {isa = PBXBuildFile; fileRef = 42DC87E52B61A83C00250F82 /* HTTPMethods.swift */; };
		42DC87E72B61A83C00250F82 /* HTTPMethods.swift in Sources */ = {isa = PBXBuildFile; fileRef = 42DC87E52B61A83C00250F82 /* HTTPMethods.swift */; };
		42DC87E82B61A83C00250F82 /* HTTPMethods.swift in Sources */ = {isa = PBXBuildFile; fileRef = 42DC87E52B61A83C00250F82 /* HTTPMethods.swift */; };
		42DC87EA2B61A8A800250F82 /* HTTPResponseCodes.swift in Sources */ = {isa = PBXBuildFile; fileRef = 42DC87E92B61A8A800250F82 /* HTTPResponseCodes.swift */; };
		42DC87EB2B61A8A800250F82 /* HTTPResponseCodes.swift in Sources */ = {isa = PBXBuildFile; fileRef = 42DC87E92B61A8A800250F82 /* HTTPResponseCodes.swift */; };
		42DC87EC2B61A8A800250F82 /* HTTPResponseCodes.swift in Sources */ = {isa = PBXBuildFile; fileRef = 42DC87E92B61A8A800250F82 /* HTTPResponseCodes.swift */; };
		42DC87FD2B62EDE000250F82 /* APIClient.swift in Sources */ = {isa = PBXBuildFile; fileRef = 42DC87FC2B62EDE000250F82 /* APIClient.swift */; };
		42DC87FE2B62EDE000250F82 /* APIClient.swift in Sources */ = {isa = PBXBuildFile; fileRef = 42DC87FC2B62EDE000250F82 /* APIClient.swift */; };
		42DC87FF2B62EDE000250F82 /* APIClient.swift in Sources */ = {isa = PBXBuildFile; fileRef = 42DC87FC2B62EDE000250F82 /* APIClient.swift */; };
		42DC88052B637F9E00250F82 /* UserDefaultsHelper.swift in Sources */ = {isa = PBXBuildFile; fileRef = 42DC88042B637F9E00250F82 /* UserDefaultsHelper.swift */; };
		42DC88062B637F9E00250F82 /* UserDefaultsHelper.swift in Sources */ = {isa = PBXBuildFile; fileRef = 42DC88042B637F9E00250F82 /* UserDefaultsHelper.swift */; };
		42DC88072B637F9E00250F82 /* UserDefaultsHelper.swift in Sources */ = {isa = PBXBuildFile; fileRef = 42DC88042B637F9E00250F82 /* UserDefaultsHelper.swift */; };
		42DC880A2B638C6E00250F82 /* UIViewController.swift in Sources */ = {isa = PBXBuildFile; fileRef = 42DC88092B638C6E00250F82 /* UIViewController.swift */; };
		42DC880B2B638C6E00250F82 /* UIViewController.swift in Sources */ = {isa = PBXBuildFile; fileRef = 42DC88092B638C6E00250F82 /* UIViewController.swift */; };
		42DC880C2B638C6E00250F82 /* UIViewController.swift in Sources */ = {isa = PBXBuildFile; fileRef = 42DC88092B638C6E00250F82 /* UIViewController.swift */; };
		42DC880E2B63F19500250F82 /* HeroesViewModel.swift in Sources */ = {isa = PBXBuildFile; fileRef = 42DC880D2B63F19400250F82 /* HeroesViewModel.swift */; };
		42DC880F2B63F19500250F82 /* HeroesViewModel.swift in Sources */ = {isa = PBXBuildFile; fileRef = 42DC880D2B63F19400250F82 /* HeroesViewModel.swift */; };
		42DC88102B63F19500250F82 /* HeroesViewModel.swift in Sources */ = {isa = PBXBuildFile; fileRef = 42DC880D2B63F19400250F82 /* HeroesViewModel.swift */; };
		42DC88172B6407ED00250F82 /* HeroCollectionViewCell.swift in Sources */ = {isa = PBXBuildFile; fileRef = 42DC88152B6407ED00250F82 /* HeroCollectionViewCell.swift */; };
		42DC88182B6407ED00250F82 /* HeroCollectionViewCell.swift in Sources */ = {isa = PBXBuildFile; fileRef = 42DC88152B6407ED00250F82 /* HeroCollectionViewCell.swift */; };
		42DC88192B6407ED00250F82 /* HeroCollectionViewCell.swift in Sources */ = {isa = PBXBuildFile; fileRef = 42DC88152B6407ED00250F82 /* HeroCollectionViewCell.swift */; };
		42DC881A2B6407ED00250F82 /* HeroCollectionViewCell.xib in Resources */ = {isa = PBXBuildFile; fileRef = 42DC88162B6407ED00250F82 /* HeroCollectionViewCell.xib */; };
		42DC881B2B6407ED00250F82 /* HeroCollectionViewCell.xib in Resources */ = {isa = PBXBuildFile; fileRef = 42DC88162B6407ED00250F82 /* HeroCollectionViewCell.xib */; };
		42DC881C2B6407ED00250F82 /* HeroCollectionViewCell.xib in Resources */ = {isa = PBXBuildFile; fileRef = 42DC88162B6407ED00250F82 /* HeroCollectionViewCell.xib */; };
		42DC881E2B6409E200250F82 /* UiimageView.swift in Sources */ = {isa = PBXBuildFile; fileRef = 42DC881D2B6409E100250F82 /* UiimageView.swift */; };
		42DC881F2B6409E200250F82 /* UiimageView.swift in Sources */ = {isa = PBXBuildFile; fileRef = 42DC881D2B6409E100250F82 /* UiimageView.swift */; };
		42DC88202B6409E200250F82 /* UiimageView.swift in Sources */ = {isa = PBXBuildFile; fileRef = 42DC881D2B6409E100250F82 /* UiimageView.swift */; };
		42DC88242B642F1000250F82 /* ModelDragonBall.swift in Sources */ = {isa = PBXBuildFile; fileRef = 42DC88232B642F1000250F82 /* ModelDragonBall.swift */; };
		42DC882C2B643C4400250F82 /* HeroesCollectionViewController.xib in Resources */ = {isa = PBXBuildFile; fileRef = 42DC882A2B643C4400250F82 /* HeroesCollectionViewController.xib */; };
		42DC88322B644B8400250F82 /* DetailViewController.swift in Sources */ = {isa = PBXBuildFile; fileRef = 42DC88302B644B8400250F82 /* DetailViewController.swift */; };
		42DC88332B644B8400250F82 /* DetailViewController.xib in Resources */ = {isa = PBXBuildFile; fileRef = 42DC88312B644B8400250F82 /* DetailViewController.xib */; };
		42DC883A2B64E11100250F82 /* HeroesUseCase.swift in Sources */ = {isa = PBXBuildFile; fileRef = 42DC88392B64E11100250F82 /* HeroesUseCase.swift */; };
		42DC88402B64F8AD00250F82 /* TransformationsUseCase.swift in Sources */ = {isa = PBXBuildFile; fileRef = 42DC883F2B64F8AD00250F82 /* TransformationsUseCase.swift */; };
		42DC88412B64F8AD00250F82 /* TransformationsUseCase.swift in Sources */ = {isa = PBXBuildFile; fileRef = 42DC883F2B64F8AD00250F82 /* TransformationsUseCase.swift */; };
		42DC88422B64F8AD00250F82 /* TransformationsUseCase.swift in Sources */ = {isa = PBXBuildFile; fileRef = 42DC883F2B64F8AD00250F82 /* TransformationsUseCase.swift */; };
		42DC88532B65127400250F82 /* TransformationsTableViewCell.swift in Sources */ = {isa = PBXBuildFile; fileRef = 42DC88512B65127400250F82 /* TransformationsTableViewCell.swift */; };
		42DC88542B65127400250F82 /* TransformationsTableViewCell.swift in Sources */ = {isa = PBXBuildFile; fileRef = 42DC88512B65127400250F82 /* TransformationsTableViewCell.swift */; };
		42DC88552B65127400250F82 /* TransformationsTableViewCell.swift in Sources */ = {isa = PBXBuildFile; fileRef = 42DC88512B65127400250F82 /* TransformationsTableViewCell.swift */; };
		42DC88562B65127400250F82 /* TransformationsTableViewCell.xib in Resources */ = {isa = PBXBuildFile; fileRef = 42DC88522B65127400250F82 /* TransformationsTableViewCell.xib */; };
		42DC88572B65127400250F82 /* TransformationsTableViewCell.xib in Resources */ = {isa = PBXBuildFile; fileRef = 42DC88522B65127400250F82 /* TransformationsTableViewCell.xib */; };
		42DC88582B65127400250F82 /* TransformationsTableViewCell.xib in Resources */ = {isa = PBXBuildFile; fileRef = 42DC88522B65127400250F82 /* TransformationsTableViewCell.xib */; };
/* End PBXBuildFile section */

/* Begin PBXContainerItemProxy section */
		42DC877D2B60EA1900250F82 /* PBXContainerItemProxy */ = {
			isa = PBXContainerItemProxy;
			containerPortal = 42DC875E2B60EA1700250F82 /* Project object */;
			proxyType = 1;
			remoteGlobalIDString = 42DC87652B60EA1700250F82;
			remoteInfo = DragonBallMVVM;
		};
		42DC87872B60EA1900250F82 /* PBXContainerItemProxy */ = {
			isa = PBXContainerItemProxy;
			containerPortal = 42DC875E2B60EA1700250F82 /* Project object */;
			proxyType = 1;
			remoteGlobalIDString = 42DC87652B60EA1700250F82;
			remoteInfo = DragonBallMVVM;
		};
/* End PBXContainerItemProxy section */

/* Begin PBXFileReference section */
		4234B6F52B80F3BD0000C12C /* HeroesCollectionViewController.swift */ = {isa = PBXFileReference; fileEncoding = 4; lastKnownFileType = sourcecode.swift; path = HeroesCollectionViewController.swift; sourceTree = "<group>"; };
		42525D0B2B66CC2700644E24 /* ViewModelTest.swift */ = {isa = PBXFileReference; lastKnownFileType = sourcecode.swift; path = ViewModelTest.swift; sourceTree = "<group>"; };
		425BE7392B80F8AB00B094B9 /* TransformationsViewModel.swift */ = {isa = PBXFileReference; fileEncoding = 4; lastKnownFileType = sourcecode.swift; path = TransformationsViewModel.swift; sourceTree = "<group>"; };
		425BE73B2B80F8D900B094B9 /* TransformationsViewController.swift */ = {isa = PBXFileReference; fileEncoding = 4; lastKnownFileType = sourcecode.swift; path = TransformationsViewController.swift; sourceTree = "<group>"; };
		425BE73C2B80F8D900B094B9 /* TransformationsViewController.xib */ = {isa = PBXFileReference; fileEncoding = 4; lastKnownFileType = file.xib; path = TransformationsViewController.xib; sourceTree = "<group>"; };
		426FF1EA2B663DE0000F58FB /* UseCaseTest.swift */ = {isa = PBXFileReference; lastKnownFileType = sourcecode.swift; path = UseCaseTest.swift; sourceTree = "<group>"; };
		426FF1EE2B6648FF000F58FB /* MockURLProtocol.swift */ = {isa = PBXFileReference; lastKnownFileType = sourcecode.swift; path = MockURLProtocol.swift; sourceTree = "<group>"; };
		42DC87662B60EA1700250F82 /* DragonBallMVVM.app */ = {isa = PBXFileReference; explicitFileType = wrapper.application; includeInIndex = 0; path = DragonBallMVVM.app; sourceTree = BUILT_PRODUCTS_DIR; };
		42DC87692B60EA1700250F82 /* AppDelegate.swift */ = {isa = PBXFileReference; lastKnownFileType = sourcecode.swift; path = AppDelegate.swift; sourceTree = "<group>"; };
		42DC876B2B60EA1700250F82 /* SceneDelegate.swift */ = {isa = PBXFileReference; lastKnownFileType = sourcecode.swift; path = SceneDelegate.swift; sourceTree = "<group>"; };
		42DC87722B60EA1800250F82 /* Assets.xcassets */ = {isa = PBXFileReference; lastKnownFileType = folder.assetcatalog; path = Assets.xcassets; sourceTree = "<group>"; };
		42DC87752B60EA1800250F82 /* Base */ = {isa = PBXFileReference; lastKnownFileType = file.storyboard; name = Base; path = Base.lproj/LaunchScreen.storyboard; sourceTree = "<group>"; };
		42DC87772B60EA1800250F82 /* Info.plist */ = {isa = PBXFileReference; lastKnownFileType = text.plist.xml; path = Info.plist; sourceTree = "<group>"; };
		42DC877C2B60EA1900250F82 /* DragonBallMVVMTests.xctest */ = {isa = PBXFileReference; explicitFileType = wrapper.cfbundle; includeInIndex = 0; path = DragonBallMVVMTests.xctest; sourceTree = BUILT_PRODUCTS_DIR; };
		42DC87862B60EA1900250F82 /* DragonBallMVVMUITests.xctest */ = {isa = PBXFileReference; explicitFileType = wrapper.cfbundle; includeInIndex = 0; path = DragonBallMVVMUITests.xctest; sourceTree = BUILT_PRODUCTS_DIR; };
		42DC878A2B60EA1900250F82 /* DragonBallMVVMUITests.swift */ = {isa = PBXFileReference; lastKnownFileType = sourcecode.swift; path = DragonBallMVVMUITests.swift; sourceTree = "<group>"; };
		42DC878C2B60EA1900250F82 /* DragonBallMVVMUITestsLaunchTests.swift */ = {isa = PBXFileReference; lastKnownFileType = sourcecode.swift; path = DragonBallMVVMUITestsLaunchTests.swift; sourceTree = "<group>"; };
		42DC87B62B6185EA00250F82 /* LoginViewController.swift */ = {isa = PBXFileReference; lastKnownFileType = sourcecode.swift; path = LoginViewController.swift; sourceTree = "<group>"; };
		42DC87B72B6185EA00250F82 /* LoginViewController.xib */ = {isa = PBXFileReference; lastKnownFileType = file.xib; path = LoginViewController.xib; sourceTree = "<group>"; };
		42DC87BF2B618B5E00250F82 /* LoginViewModel.swift */ = {isa = PBXFileReference; lastKnownFileType = sourcecode.swift; path = LoginViewModel.swift; sourceTree = "<group>"; };
		42DC87C32B618D5E00250F82 /* GenericSatatusLoad.swift */ = {isa = PBXFileReference; lastKnownFileType = sourcecode.swift; path = GenericSatatusLoad.swift; sourceTree = "<group>"; };
		42DC87D82B61A68500250F82 /* LoginUseCase.swift */ = {isa = PBXFileReference; lastKnownFileType = sourcecode.swift; path = LoginUseCase.swift; sourceTree = "<group>"; };
		42DC87DD2B61A75200250F82 /* EndPoints.swift */ = {isa = PBXFileReference; lastKnownFileType = sourcecode.swift; path = EndPoints.swift; sourceTree = "<group>"; };
		42DC87E12B61A7CB00250F82 /* NetworkError.swift */ = {isa = PBXFileReference; lastKnownFileType = sourcecode.swift; path = NetworkError.swift; sourceTree = "<group>"; };
		42DC87E52B61A83C00250F82 /* HTTPMethods.swift */ = {isa = PBXFileReference; lastKnownFileType = sourcecode.swift; path = HTTPMethods.swift; sourceTree = "<group>"; };
		42DC87E92B61A8A800250F82 /* HTTPResponseCodes.swift */ = {isa = PBXFileReference; lastKnownFileType = sourcecode.swift; path = HTTPResponseCodes.swift; sourceTree = "<group>"; };
		42DC87FC2B62EDE000250F82 /* APIClient.swift */ = {isa = PBXFileReference; lastKnownFileType = sourcecode.swift; path = APIClient.swift; sourceTree = "<group>"; };
		42DC88042B637F9E00250F82 /* UserDefaultsHelper.swift */ = {isa = PBXFileReference; lastKnownFileType = sourcecode.swift; path = UserDefaultsHelper.swift; sourceTree = "<group>"; };
		42DC88092B638C6E00250F82 /* UIViewController.swift */ = {isa = PBXFileReference; lastKnownFileType = sourcecode.swift; path = UIViewController.swift; sourceTree = "<group>"; };
		42DC880D2B63F19400250F82 /* HeroesViewModel.swift */ = {isa = PBXFileReference; lastKnownFileType = sourcecode.swift; path = HeroesViewModel.swift; sourceTree = "<group>"; };
		42DC88152B6407ED00250F82 /* HeroCollectionViewCell.swift */ = {isa = PBXFileReference; lastKnownFileType = sourcecode.swift; path = HeroCollectionViewCell.swift; sourceTree = "<group>"; };
		42DC88162B6407ED00250F82 /* HeroCollectionViewCell.xib */ = {isa = PBXFileReference; lastKnownFileType = file.xib; path = HeroCollectionViewCell.xib; sourceTree = "<group>"; };
		42DC881D2B6409E100250F82 /* UiimageView.swift */ = {isa = PBXFileReference; lastKnownFileType = sourcecode.swift; path = UiimageView.swift; sourceTree = "<group>"; };
		42DC88232B642F1000250F82 /* ModelDragonBall.swift */ = {isa = PBXFileReference; lastKnownFileType = sourcecode.swift; path = ModelDragonBall.swift; sourceTree = "<group>"; };
		42DC882A2B643C4400250F82 /* HeroesCollectionViewController.xib */ = {isa = PBXFileReference; lastKnownFileType = file.xib; path = HeroesCollectionViewController.xib; sourceTree = "<group>"; };
		42DC88302B644B8400250F82 /* DetailViewController.swift */ = {isa = PBXFileReference; lastKnownFileType = sourcecode.swift; path = DetailViewController.swift; sourceTree = "<group>"; };
		42DC88312B644B8400250F82 /* DetailViewController.xib */ = {isa = PBXFileReference; lastKnownFileType = file.xib; path = DetailViewController.xib; sourceTree = "<group>"; };
		42DC88392B64E11100250F82 /* HeroesUseCase.swift */ = {isa = PBXFileReference; lastKnownFileType = sourcecode.swift; path = HeroesUseCase.swift; sourceTree = "<group>"; };
		42DC883F2B64F8AD00250F82 /* TransformationsUseCase.swift */ = {isa = PBXFileReference; lastKnownFileType = sourcecode.swift; path = TransformationsUseCase.swift; sourceTree = "<group>"; };
		42DC88512B65127400250F82 /* TransformationsTableViewCell.swift */ = {isa = PBXFileReference; lastKnownFileType = sourcecode.swift; path = TransformationsTableViewCell.swift; sourceTree = "<group>"; };
		42DC88522B65127400250F82 /* TransformationsTableViewCell.xib */ = {isa = PBXFileReference; lastKnownFileType = file.xib; path = TransformationsTableViewCell.xib; sourceTree = "<group>"; };
/* End PBXFileReference section */

/* Begin PBXFrameworksBuildPhase section */
		42DC87632B60EA1700250F82 /* Frameworks */ = {
			isa = PBXFrameworksBuildPhase;
			buildActionMask = 2147483647;
			files = (
			);
			runOnlyForDeploymentPostprocessing = 0;
		};
		42DC87792B60EA1900250F82 /* Frameworks */ = {
			isa = PBXFrameworksBuildPhase;
			buildActionMask = 2147483647;
			files = (
			);
			runOnlyForDeploymentPostprocessing = 0;
		};
		42DC87832B60EA1900250F82 /* Frameworks */ = {
			isa = PBXFrameworksBuildPhase;
			buildActionMask = 2147483647;
			files = (
			);
			runOnlyForDeploymentPostprocessing = 0;
		};
/* End PBXFrameworksBuildPhase section */

/* Begin PBXGroup section */
		426FF1ED2B6648E4000F58FB /* Helpers */ = {
			isa = PBXGroup;
			children = (
				426FF1EE2B6648FF000F58FB /* MockURLProtocol.swift */,
			);
			path = Helpers;
			sourceTree = "<group>";
		};
		42DC875D2B60EA1700250F82 = {
			isa = PBXGroup;
			children = (
				42DC87682B60EA1700250F82 /* DragonBallMVVM */,
				42DC877F2B60EA1900250F82 /* DragonBallMVVMTests */,
				42DC87892B60EA1900250F82 /* DragonBallMVVMUITests */,
				42DC87672B60EA1700250F82 /* Products */,
			);
			sourceTree = "<group>";
		};
		42DC87672B60EA1700250F82 /* Products */ = {
			isa = PBXGroup;
			children = (
				42DC87662B60EA1700250F82 /* DragonBallMVVM.app */,
				42DC877C2B60EA1900250F82 /* DragonBallMVVMTests.xctest */,
				42DC87862B60EA1900250F82 /* DragonBallMVVMUITests.xctest */,
			);
			name = Products;
			sourceTree = "<group>";
		};
		42DC87682B60EA1700250F82 /* DragonBallMVVM */ = {
			isa = PBXGroup;
			children = (
				42DC87772B60EA1800250F82 /* Info.plist */,
				42DC87692B60EA1700250F82 /* AppDelegate.swift */,
				42DC876B2B60EA1700250F82 /* SceneDelegate.swift */,
				42DC87742B60EA1800250F82 /* LaunchScreen.storyboard */,
				42DC87722B60EA1800250F82 /* Assets.xcassets */,
				42DC879B2B6144CE00250F82 /* Presentation */,
				42DC879A2B6144C800250F82 /* Domain */,
				42DC87992B6144BE00250F82 /* Data */,
				42DC88082B638C4800250F82 /* Extensions */,
			);
			path = DragonBallMVVM;
			sourceTree = "<group>";
		};
		42DC877F2B60EA1900250F82 /* DragonBallMVVMTests */ = {
			isa = PBXGroup;
			children = (
				426FF1ED2B6648E4000F58FB /* Helpers */,
				426FF1EA2B663DE0000F58FB /* UseCaseTest.swift */,
				42525D0B2B66CC2700644E24 /* ViewModelTest.swift */,
			);
			path = DragonBallMVVMTests;
			sourceTree = "<group>";
		};
		42DC87892B60EA1900250F82 /* DragonBallMVVMUITests */ = {
			isa = PBXGroup;
			children = (
				42DC878A2B60EA1900250F82 /* DragonBallMVVMUITests.swift */,
				42DC878C2B60EA1900250F82 /* DragonBallMVVMUITestsLaunchTests.swift */,
			);
			path = DragonBallMVVMUITests;
			sourceTree = "<group>";
		};
		42DC87992B6144BE00250F82 /* Data */ = {
			isa = PBXGroup;
			children = (
				42DC87A22B61456000250F82 /* Repository */,
				42DC87A12B61454900250F82 /* Network */,
				42DC87A02B61453D00250F82 /* Local */,
			);
			path = Data;
			sourceTree = "<group>";
		};
		42DC879A2B6144C800250F82 /* Domain */ = {
			isa = PBXGroup;
			children = (
				42DC879F2B61453500250F82 /* Models */,
				42DC879E2B61452400250F82 /* UseCases */,
			);
			path = Domain;
			sourceTree = "<group>";
		};
		42DC879B2B6144CE00250F82 /* Presentation */ = {
			isa = PBXGroup;
			children = (
				42DC879D2B61451800250F82 /* Views */,
				42DC879C2B61450F00250F82 /* ViewModels */,
			);
			path = Presentation;
			sourceTree = "<group>";
		};
		42DC879C2B61450F00250F82 /* ViewModels */ = {
			isa = PBXGroup;
			children = (
				42DC88432B64FDBF00250F82 /* Transformations */,
				42DC88352B644FE500250F82 /* Heroes */,
				42DC87BE2B618B4B00250F82 /* Login */,
			);
			path = ViewModels;
			sourceTree = "<group>";
		};
		42DC879D2B61451800250F82 /* Views */ = {
			isa = PBXGroup;
			children = (
				42DC88482B65011D00250F82 /* Transformations */,
				42DC882F2B644B7300250F82 /* Detail */,
				42DC87C72B61931200250F82 /* Heroes */,
				42DC87A32B6145C300250F82 /* Login */,
			);
			path = Views;
			sourceTree = "<group>";
		};
		42DC879E2B61452400250F82 /* UseCases */ = {
			isa = PBXGroup;
			children = (
				42DC87D82B61A68500250F82 /* LoginUseCase.swift */,
				42DC88392B64E11100250F82 /* HeroesUseCase.swift */,
				42DC883F2B64F8AD00250F82 /* TransformationsUseCase.swift */,
			);
			path = UseCases;
			sourceTree = "<group>";
		};
		42DC879F2B61453500250F82 /* Models */ = {
			isa = PBXGroup;
			children = (
				42DC87C32B618D5E00250F82 /* GenericSatatusLoad.swift */,
				42DC88232B642F1000250F82 /* ModelDragonBall.swift */,
			);
			path = Models;
			sourceTree = "<group>";
		};
		42DC87A02B61453D00250F82 /* Local */ = {
			isa = PBXGroup;
			children = (
				42DC88042B637F9E00250F82 /* UserDefaultsHelper.swift */,
			);
			path = Local;
			sourceTree = "<group>";
		};
		42DC87A12B61454900250F82 /* Network */ = {
			isa = PBXGroup;
			children = (
				42DC87FC2B62EDE000250F82 /* APIClient.swift */,
				42DC87DC2B61A73E00250F82 /* BaseNetwork */,
			);
			path = Network;
			sourceTree = "<group>";
		};
		42DC87A22B61456000250F82 /* Repository */ = {
			isa = PBXGroup;
			children = (
			);
			path = Repository;
			sourceTree = "<group>";
		};
		42DC87A32B6145C300250F82 /* Login */ = {
			isa = PBXGroup;
			children = (
				42DC87B62B6185EA00250F82 /* LoginViewController.swift */,
				42DC87B72B6185EA00250F82 /* LoginViewController.xib */,
			);
			path = Login;
			sourceTree = "<group>";
		};
		42DC87BE2B618B4B00250F82 /* Login */ = {
			isa = PBXGroup;
			children = (
				42DC87BF2B618B5E00250F82 /* LoginViewModel.swift */,
			);
			path = Login;
			sourceTree = "<group>";
		};
		42DC87C72B61931200250F82 /* Heroes */ = {
			isa = PBXGroup;
			children = (
				42DC88342B644FA200250F82 /* Cell Custom Heroes */,
				42DC882A2B643C4400250F82 /* HeroesCollectionViewController.xib */,
				4234B6F52B80F3BD0000C12C /* HeroesCollectionViewController.swift */,
			);
			path = Heroes;
			sourceTree = "<group>";
		};
		42DC87DC2B61A73E00250F82 /* BaseNetwork */ = {
			isa = PBXGroup;
			children = (
				42DC87DD2B61A75200250F82 /* EndPoints.swift */,
				42DC87E12B61A7CB00250F82 /* NetworkError.swift */,
				42DC87E52B61A83C00250F82 /* HTTPMethods.swift */,
				42DC87E92B61A8A800250F82 /* HTTPResponseCodes.swift */,
			);
			path = BaseNetwork;
			sourceTree = "<group>";
		};
		42DC88082B638C4800250F82 /* Extensions */ = {
			isa = PBXGroup;
			children = (
				42DC88092B638C6E00250F82 /* UIViewController.swift */,
				42DC881D2B6409E100250F82 /* UiimageView.swift */,
			);
			path = Extensions;
			sourceTree = "<group>";
		};
		42DC882F2B644B7300250F82 /* Detail */ = {
			isa = PBXGroup;
			children = (
				42DC88302B644B8400250F82 /* DetailViewController.swift */,
				42DC88312B644B8400250F82 /* DetailViewController.xib */,
			);
			path = Detail;
			sourceTree = "<group>";
		};
		42DC88342B644FA200250F82 /* Cell Custom Heroes */ = {
			isa = PBXGroup;
			children = (
				42DC88152B6407ED00250F82 /* HeroCollectionViewCell.swift */,
				42DC88162B6407ED00250F82 /* HeroCollectionViewCell.xib */,
			);
			path = "Cell Custom Heroes";
			sourceTree = "<group>";
		};
		42DC88352B644FE500250F82 /* Heroes */ = {
			isa = PBXGroup;
			children = (
				42DC880D2B63F19400250F82 /* HeroesViewModel.swift */,
			);
			path = Heroes;
			sourceTree = "<group>";
		};
		42DC88432B64FDBF00250F82 /* Transformations */ = {
			isa = PBXGroup;
			children = (
				425BE7392B80F8AB00B094B9 /* TransformationsViewModel.swift */,
			);
			path = Transformations;
			sourceTree = "<group>";
		};
		42DC88482B65011D00250F82 /* Transformations */ = {
			isa = PBXGroup;
			children = (
				42DC88592B65153C00250F82 /* Cell Custom Transformation */,
				425BE73B2B80F8D900B094B9 /* TransformationsViewController.swift */,
				425BE73C2B80F8D900B094B9 /* TransformationsViewController.xib */,
			);
			path = Transformations;
			sourceTree = "<group>";
		};
		42DC88592B65153C00250F82 /* Cell Custom Transformation */ = {
			isa = PBXGroup;
			children = (
				42DC88512B65127400250F82 /* TransformationsTableViewCell.swift */,
				42DC88522B65127400250F82 /* TransformationsTableViewCell.xib */,
			);
			path = "Cell Custom Transformation";
			sourceTree = "<group>";
		};
/* End PBXGroup section */

/* Begin PBXNativeTarget section */
		42DC87652B60EA1700250F82 /* DragonBallMVVM */ = {
			isa = PBXNativeTarget;
			buildConfigurationList = 42DC87902B60EA1900250F82 /* Build configuration list for PBXNativeTarget "DragonBallMVVM" */;
			buildPhases = (
				42DC87622B60EA1700250F82 /* Sources */,
				42DC87632B60EA1700250F82 /* Frameworks */,
				42DC87642B60EA1700250F82 /* Resources */,
			);
			buildRules = (
			);
			dependencies = (
			);
			name = DragonBallMVVM;
			productName = DragonBallMVVM;
			productReference = 42DC87662B60EA1700250F82 /* DragonBallMVVM.app */;
			productType = "com.apple.product-type.application";
		};
		42DC877B2B60EA1900250F82 /* DragonBallMVVMTests */ = {
			isa = PBXNativeTarget;
			buildConfigurationList = 42DC87932B60EA1900250F82 /* Build configuration list for PBXNativeTarget "DragonBallMVVMTests" */;
			buildPhases = (
				42DC87782B60EA1900250F82 /* Sources */,
				42DC87792B60EA1900250F82 /* Frameworks */,
				42DC877A2B60EA1900250F82 /* Resources */,
			);
			buildRules = (
			);
			dependencies = (
				42DC877E2B60EA1900250F82 /* PBXTargetDependency */,
			);
			name = DragonBallMVVMTests;
			productName = DragonBallMVVMTests;
			productReference = 42DC877C2B60EA1900250F82 /* DragonBallMVVMTests.xctest */;
			productType = "com.apple.product-type.bundle.unit-test";
		};
		42DC87852B60EA1900250F82 /* DragonBallMVVMUITests */ = {
			isa = PBXNativeTarget;
			buildConfigurationList = 42DC87962B60EA1900250F82 /* Build configuration list for PBXNativeTarget "DragonBallMVVMUITests" */;
			buildPhases = (
				42DC87822B60EA1900250F82 /* Sources */,
				42DC87832B60EA1900250F82 /* Frameworks */,
				42DC87842B60EA1900250F82 /* Resources */,
			);
			buildRules = (
			);
			dependencies = (
				42DC87882B60EA1900250F82 /* PBXTargetDependency */,
			);
			name = DragonBallMVVMUITests;
			productName = DragonBallMVVMUITests;
			productReference = 42DC87862B60EA1900250F82 /* DragonBallMVVMUITests.xctest */;
			productType = "com.apple.product-type.bundle.ui-testing";
		};
/* End PBXNativeTarget section */

/* Begin PBXProject section */
		42DC875E2B60EA1700250F82 /* Project object */ = {
			isa = PBXProject;
			attributes = {
				BuildIndependentTargetsInParallel = 1;
				LastSwiftUpdateCheck = 1510;
				LastUpgradeCheck = 1510;
				TargetAttributes = {
					42DC87652B60EA1700250F82 = {
						CreatedOnToolsVersion = 15.1;
					};
					42DC877B2B60EA1900250F82 = {
						CreatedOnToolsVersion = 15.1;
						TestTargetID = 42DC87652B60EA1700250F82;
					};
					42DC87852B60EA1900250F82 = {
						CreatedOnToolsVersion = 15.1;
						TestTargetID = 42DC87652B60EA1700250F82;
					};
				};
			};
			buildConfigurationList = 42DC87612B60EA1700250F82 /* Build configuration list for PBXProject "DragonBallMVVM" */;
			compatibilityVersion = "Xcode 14.0";
			developmentRegion = en;
			hasScannedForEncodings = 0;
			knownRegions = (
				en,
				Base,
			);
			mainGroup = 42DC875D2B60EA1700250F82;
			productRefGroup = 42DC87672B60EA1700250F82 /* Products */;
			projectDirPath = "";
			projectRoot = "";
			targets = (
				42DC87652B60EA1700250F82 /* DragonBallMVVM */,
				42DC877B2B60EA1900250F82 /* DragonBallMVVMTests */,
				42DC87852B60EA1900250F82 /* DragonBallMVVMUITests */,
			);
		};
/* End PBXProject section */

/* Begin PBXResourcesBuildPhase section */
		42DC87642B60EA1700250F82 /* Resources */ = {
			isa = PBXResourcesBuildPhase;
			buildActionMask = 2147483647;
			files = (
				42DC87762B60EA1800250F82 /* LaunchScreen.storyboard in Resources */,
				425BE73E2B80F8D900B094B9 /* TransformationsViewController.xib in Resources */,
				42DC88332B644B8400250F82 /* DetailViewController.xib in Resources */,
				42DC87732B60EA1800250F82 /* Assets.xcassets in Resources */,
				42DC881A2B6407ED00250F82 /* HeroCollectionViewCell.xib in Resources */,
				42DC88562B65127400250F82 /* TransformationsTableViewCell.xib in Resources */,
				42DC882C2B643C4400250F82 /* HeroesCollectionViewController.xib in Resources */,
				42DC87BB2B6185EA00250F82 /* LoginViewController.xib in Resources */,
			);
			runOnlyForDeploymentPostprocessing = 0;
		};
		42DC877A2B60EA1900250F82 /* Resources */ = {
			isa = PBXResourcesBuildPhase;
			buildActionMask = 2147483647;
			files = (
				42DC88572B65127400250F82 /* TransformationsTableViewCell.xib in Resources */,
				42DC881B2B6407ED00250F82 /* HeroCollectionViewCell.xib in Resources */,
				424EC0A82B6660EF009CA460 /* HeroesCollectionViewController.xib in Resources */,
				424EC0A62B6660DA009CA460 /* DetailViewController.xib in Resources */,
				42DC87BC2B6185EA00250F82 /* LoginViewController.xib in Resources */,
			);
			runOnlyForDeploymentPostprocessing = 0;
		};
		42DC87842B60EA1900250F82 /* Resources */ = {
			isa = PBXResourcesBuildPhase;
			buildActionMask = 2147483647;
			files = (
				42DC88582B65127400250F82 /* TransformationsTableViewCell.xib in Resources */,
				42DC881C2B6407ED00250F82 /* HeroCollectionViewCell.xib in Resources */,
				424EC0A92B6660EF009CA460 /* HeroesCollectionViewController.xib in Resources */,
				424EC0A72B6660DB009CA460 /* DetailViewController.xib in Resources */,
				42DC87BD2B6185EA00250F82 /* LoginViewController.xib in Resources */,
			);
			runOnlyForDeploymentPostprocessing = 0;
		};
/* End PBXResourcesBuildPhase section */

/* Begin PBXSourcesBuildPhase section */
		42DC87622B60EA1700250F82 /* Sources */ = {
			isa = PBXSourcesBuildPhase;
			buildActionMask = 2147483647;
			files = (
				4234B6F62B80F3BD0000C12C /* HeroesCollectionViewController.swift in Sources */,
				42DC87EA2B61A8A800250F82 /* HTTPResponseCodes.swift in Sources */,
				42DC880E2B63F19500250F82 /* HeroesViewModel.swift in Sources */,
				42DC87FD2B62EDE000250F82 /* APIClient.swift in Sources */,
				42DC87E62B61A83C00250F82 /* HTTPMethods.swift in Sources */,
				42DC87C02B618B5E00250F82 /* LoginViewModel.swift in Sources */,
				42DC883A2B64E11100250F82 /* HeroesUseCase.swift in Sources */,
				42DC87C42B618D5E00250F82 /* GenericSatatusLoad.swift in Sources */,
				42DC88322B644B8400250F82 /* DetailViewController.swift in Sources */,
				42DC87B82B6185EA00250F82 /* LoginViewController.swift in Sources */,
				42DC880A2B638C6E00250F82 /* UIViewController.swift in Sources */,
				42DC88052B637F9E00250F82 /* UserDefaultsHelper.swift in Sources */,
				42DC87D92B61A68500250F82 /* LoginUseCase.swift in Sources */,
				42DC88242B642F1000250F82 /* ModelDragonBall.swift in Sources */,
				42DC876A2B60EA1700250F82 /* AppDelegate.swift in Sources */,
				42DC88402B64F8AD00250F82 /* TransformationsUseCase.swift in Sources */,
				42DC87E22B61A7CB00250F82 /* NetworkError.swift in Sources */,
				42DC881E2B6409E200250F82 /* UiimageView.swift in Sources */,
				42DC88172B6407ED00250F82 /* HeroCollectionViewCell.swift in Sources */,
				42DC87DE2B61A75200250F82 /* EndPoints.swift in Sources */,
				42DC876C2B60EA1700250F82 /* SceneDelegate.swift in Sources */,
				42DC88532B65127400250F82 /* TransformationsTableViewCell.swift in Sources */,
				425BE73A2B80F8AB00B094B9 /* TransformationsViewModel.swift in Sources */,
				425BE73D2B80F8D900B094B9 /* TransformationsViewController.swift in Sources */,
			);
			runOnlyForDeploymentPostprocessing = 0;
		};
		42DC87782B60EA1900250F82 /* Sources */ = {
			isa = PBXSourcesBuildPhase;
			buildActionMask = 2147483647;
			files = (
				426FF1EF2B6648FF000F58FB /* MockURLProtocol.swift in Sources */,
				42DC880F2B63F19500250F82 /* HeroesViewModel.swift in Sources */,
				42DC88062B637F9E00250F82 /* UserDefaultsHelper.swift in Sources */,
				42DC87B92B6185EA00250F82 /* LoginViewController.swift in Sources */,
				42DC87E32B61A7CB00250F82 /* NetworkError.swift in Sources */,
				42DC88542B65127400250F82 /* TransformationsTableViewCell.swift in Sources */,
				42DC881F2B6409E200250F82 /* UiimageView.swift in Sources */,
				42DC87C12B618B5E00250F82 /* LoginViewModel.swift in Sources */,
				42DC87DF2B61A75200250F82 /* EndPoints.swift in Sources */,
				424EC0AC2B666118009CA460 /* HeroesUseCase.swift in Sources */,
				42DC87E72B61A83C00250F82 /* HTTPMethods.swift in Sources */,
				424EC0A22B6660A3009CA460 /* DetailViewController.swift in Sources */,
				42525D0C2B66CC2700644E24 /* ViewModelTest.swift in Sources */,
				42DC87C52B618D5E00250F82 /* GenericSatatusLoad.swift in Sources */,
				426FF1EB2B663DE0000F58FB /* UseCaseTest.swift in Sources */,
				42DC88412B64F8AD00250F82 /* TransformationsUseCase.swift in Sources */,
				42DC88182B6407ED00250F82 /* HeroCollectionViewCell.swift in Sources */,
				4234B6F72B80F3C20000C12C /* HeroesCollectionViewController.swift in Sources */,
				42DC87EB2B61A8A800250F82 /* HTTPResponseCodes.swift in Sources */,
				42DC87FE2B62EDE000250F82 /* APIClient.swift in Sources */,
				42DC880B2B638C6E00250F82 /* UIViewController.swift in Sources */,
				42DC87DA2B61A68500250F82 /* LoginUseCase.swift in Sources */,
				424EC0AA2B66610D009CA460 /* ModelDragonBall.swift in Sources */,
			);
			runOnlyForDeploymentPostprocessing = 0;
		};
		42DC87822B60EA1900250F82 /* Sources */ = {
			isa = PBXSourcesBuildPhase;
			buildActionMask = 2147483647;
			files = (
				4234B6F82B80F3C20000C12C /* HeroesCollectionViewController.swift in Sources */,
				42DC87EC2B61A8A800250F82 /* HTTPResponseCodes.swift in Sources */,
				42DC88102B63F19500250F82 /* HeroesViewModel.swift in Sources */,
				42DC87FF2B62EDE000250F82 /* APIClient.swift in Sources */,
				42DC87E82B61A83C00250F82 /* HTTPMethods.swift in Sources */,
				42DC87C22B618B5E00250F82 /* LoginViewModel.swift in Sources */,
				424EC0A32B6660A4009CA460 /* DetailViewController.swift in Sources */,
				42DC87C62B618D5E00250F82 /* GenericSatatusLoad.swift in Sources */,
				42DC87BA2B6185EA00250F82 /* LoginViewController.swift in Sources */,
				42DC880C2B638C6E00250F82 /* UIViewController.swift in Sources */,
				42DC88072B637F9E00250F82 /* UserDefaultsHelper.swift in Sources */,
				42DC88422B64F8AD00250F82 /* TransformationsUseCase.swift in Sources */,
				424EC0AD2B666119009CA460 /* HeroesUseCase.swift in Sources */,
				42DC87DB2B61A68500250F82 /* LoginUseCase.swift in Sources */,
				42DC878D2B60EA1900250F82 /* DragonBallMVVMUITestsLaunchTests.swift in Sources */,
				42DC87E42B61A7CB00250F82 /* NetworkError.swift in Sources */,
				42DC88552B65127400250F82 /* TransformationsTableViewCell.swift in Sources */,
				42DC88202B6409E200250F82 /* UiimageView.swift in Sources */,
				42DC88192B6407ED00250F82 /* HeroCollectionViewCell.swift in Sources */,
				42DC87E02B61A75200250F82 /* EndPoints.swift in Sources */,
				424EC0AB2B66610E009CA460 /* ModelDragonBall.swift in Sources */,
				42DC878B2B60EA1900250F82 /* DragonBallMVVMUITests.swift in Sources */,
			);
			runOnlyForDeploymentPostprocessing = 0;
		};
/* End PBXSourcesBuildPhase section */

/* Begin PBXTargetDependency section */
		42DC877E2B60EA1900250F82 /* PBXTargetDependency */ = {
			isa = PBXTargetDependency;
			target = 42DC87652B60EA1700250F82 /* DragonBallMVVM */;
			targetProxy = 42DC877D2B60EA1900250F82 /* PBXContainerItemProxy */;
		};
		42DC87882B60EA1900250F82 /* PBXTargetDependency */ = {
			isa = PBXTargetDependency;
			target = 42DC87652B60EA1700250F82 /* DragonBallMVVM */;
			targetProxy = 42DC87872B60EA1900250F82 /* PBXContainerItemProxy */;
		};
/* End PBXTargetDependency section */

/* Begin PBXVariantGroup section */
		42DC87742B60EA1800250F82 /* LaunchScreen.storyboard */ = {
			isa = PBXVariantGroup;
			children = (
				42DC87752B60EA1800250F82 /* Base */,
			);
			name = LaunchScreen.storyboard;
			sourceTree = "<group>";
		};
/* End PBXVariantGroup section */

/* Begin XCBuildConfiguration section */
		42DC878E2B60EA1900250F82 /* Debug */ = {
			isa = XCBuildConfiguration;
			buildSettings = {
				ALWAYS_SEARCH_USER_PATHS = NO;
				ASSETCATALOG_COMPILER_GENERATE_SWIFT_ASSET_SYMBOL_EXTENSIONS = YES;
				CLANG_ANALYZER_NONNULL = YES;
				CLANG_ANALYZER_NUMBER_OBJECT_CONVERSION = YES_AGGRESSIVE;
				CLANG_CXX_LANGUAGE_STANDARD = "gnu++20";
				CLANG_ENABLE_MODULES = YES;
				CLANG_ENABLE_OBJC_ARC = YES;
				CLANG_ENABLE_OBJC_WEAK = YES;
				CLANG_WARN_BLOCK_CAPTURE_AUTORELEASING = YES;
				CLANG_WARN_BOOL_CONVERSION = YES;
				CLANG_WARN_COMMA = YES;
				CLANG_WARN_CONSTANT_CONVERSION = YES;
				CLANG_WARN_DEPRECATED_OBJC_IMPLEMENTATIONS = YES;
				CLANG_WARN_DIRECT_OBJC_ISA_USAGE = YES_ERROR;
				CLANG_WARN_DOCUMENTATION_COMMENTS = YES;
				CLANG_WARN_EMPTY_BODY = YES;
				CLANG_WARN_ENUM_CONVERSION = YES;
				CLANG_WARN_INFINITE_RECURSION = YES;
				CLANG_WARN_INT_CONVERSION = YES;
				CLANG_WARN_NON_LITERAL_NULL_CONVERSION = YES;
				CLANG_WARN_OBJC_IMPLICIT_RETAIN_SELF = YES;
				CLANG_WARN_OBJC_LITERAL_CONVERSION = YES;
				CLANG_WARN_OBJC_ROOT_CLASS = YES_ERROR;
				CLANG_WARN_QUOTED_INCLUDE_IN_FRAMEWORK_HEADER = YES;
				CLANG_WARN_RANGE_LOOP_ANALYSIS = YES;
				CLANG_WARN_STRICT_PROTOTYPES = YES;
				CLANG_WARN_SUSPICIOUS_MOVE = YES;
				CLANG_WARN_UNGUARDED_AVAILABILITY = YES_AGGRESSIVE;
				CLANG_WARN_UNREACHABLE_CODE = YES;
				CLANG_WARN__DUPLICATE_METHOD_MATCH = YES;
				COPY_PHASE_STRIP = NO;
				DEBUG_INFORMATION_FORMAT = dwarf;
				ENABLE_STRICT_OBJC_MSGSEND = YES;
				ENABLE_TESTABILITY = YES;
				ENABLE_USER_SCRIPT_SANDBOXING = YES;
				GCC_C_LANGUAGE_STANDARD = gnu17;
				GCC_DYNAMIC_NO_PIC = NO;
				GCC_NO_COMMON_BLOCKS = YES;
				GCC_OPTIMIZATION_LEVEL = 0;
				GCC_PREPROCESSOR_DEFINITIONS = (
					"DEBUG=1",
					"$(inherited)",
				);
				GCC_WARN_64_TO_32_BIT_CONVERSION = YES;
				GCC_WARN_ABOUT_RETURN_TYPE = YES_ERROR;
				GCC_WARN_UNDECLARED_SELECTOR = YES;
				GCC_WARN_UNINITIALIZED_AUTOS = YES_AGGRESSIVE;
				GCC_WARN_UNUSED_FUNCTION = YES;
				GCC_WARN_UNUSED_VARIABLE = YES;
				IPHONEOS_DEPLOYMENT_TARGET = 17.2;
				LOCALIZATION_PREFERS_STRING_CATALOGS = YES;
				MTL_ENABLE_DEBUG_INFO = INCLUDE_SOURCE;
				MTL_FAST_MATH = YES;
				ONLY_ACTIVE_ARCH = YES;
				SDKROOT = iphoneos;
				SWIFT_ACTIVE_COMPILATION_CONDITIONS = "DEBUG $(inherited)";
				SWIFT_OPTIMIZATION_LEVEL = "-Onone";
			};
			name = Debug;
		};
		42DC878F2B60EA1900250F82 /* Release */ = {
			isa = XCBuildConfiguration;
			buildSettings = {
				ALWAYS_SEARCH_USER_PATHS = NO;
				ASSETCATALOG_COMPILER_GENERATE_SWIFT_ASSET_SYMBOL_EXTENSIONS = YES;
				CLANG_ANALYZER_NONNULL = YES;
				CLANG_ANALYZER_NUMBER_OBJECT_CONVERSION = YES_AGGRESSIVE;
				CLANG_CXX_LANGUAGE_STANDARD = "gnu++20";
				CLANG_ENABLE_MODULES = YES;
				CLANG_ENABLE_OBJC_ARC = YES;
				CLANG_ENABLE_OBJC_WEAK = YES;
				CLANG_WARN_BLOCK_CAPTURE_AUTORELEASING = YES;
				CLANG_WARN_BOOL_CONVERSION = YES;
				CLANG_WARN_COMMA = YES;
				CLANG_WARN_CONSTANT_CONVERSION = YES;
				CLANG_WARN_DEPRECATED_OBJC_IMPLEMENTATIONS = YES;
				CLANG_WARN_DIRECT_OBJC_ISA_USAGE = YES_ERROR;
				CLANG_WARN_DOCUMENTATION_COMMENTS = YES;
				CLANG_WARN_EMPTY_BODY = YES;
				CLANG_WARN_ENUM_CONVERSION = YES;
				CLANG_WARN_INFINITE_RECURSION = YES;
				CLANG_WARN_INT_CONVERSION = YES;
				CLANG_WARN_NON_LITERAL_NULL_CONVERSION = YES;
				CLANG_WARN_OBJC_IMPLICIT_RETAIN_SELF = YES;
				CLANG_WARN_OBJC_LITERAL_CONVERSION = YES;
				CLANG_WARN_OBJC_ROOT_CLASS = YES_ERROR;
				CLANG_WARN_QUOTED_INCLUDE_IN_FRAMEWORK_HEADER = YES;
				CLANG_WARN_RANGE_LOOP_ANALYSIS = YES;
				CLANG_WARN_STRICT_PROTOTYPES = YES;
				CLANG_WARN_SUSPICIOUS_MOVE = YES;
				CLANG_WARN_UNGUARDED_AVAILABILITY = YES_AGGRESSIVE;
				CLANG_WARN_UNREACHABLE_CODE = YES;
				CLANG_WARN__DUPLICATE_METHOD_MATCH = YES;
				COPY_PHASE_STRIP = NO;
				DEBUG_INFORMATION_FORMAT = "dwarf-with-dsym";
				ENABLE_NS_ASSERTIONS = NO;
				ENABLE_STRICT_OBJC_MSGSEND = YES;
				ENABLE_USER_SCRIPT_SANDBOXING = YES;
				GCC_C_LANGUAGE_STANDARD = gnu17;
				GCC_NO_COMMON_BLOCKS = YES;
				GCC_WARN_64_TO_32_BIT_CONVERSION = YES;
				GCC_WARN_ABOUT_RETURN_TYPE = YES_ERROR;
				GCC_WARN_UNDECLARED_SELECTOR = YES;
				GCC_WARN_UNINITIALIZED_AUTOS = YES_AGGRESSIVE;
				GCC_WARN_UNUSED_FUNCTION = YES;
				GCC_WARN_UNUSED_VARIABLE = YES;
				IPHONEOS_DEPLOYMENT_TARGET = 17.2;
				LOCALIZATION_PREFERS_STRING_CATALOGS = YES;
				MTL_ENABLE_DEBUG_INFO = NO;
				MTL_FAST_MATH = YES;
				SDKROOT = iphoneos;
				SWIFT_COMPILATION_MODE = wholemodule;
				VALIDATE_PRODUCT = YES;
			};
			name = Release;
		};
		42DC87912B60EA1900250F82 /* Debug */ = {
			isa = XCBuildConfiguration;
			buildSettings = {
				ASSETCATALOG_COMPILER_APPICON_NAME = AppIcon;
				ASSETCATALOG_COMPILER_GLOBAL_ACCENT_COLOR_NAME = AccentColor;
				CODE_SIGN_STYLE = Automatic;
				CURRENT_PROJECT_VERSION = 1;
				DEVELOPMENT_TEAM = L6V6H2LAL2;
				GENERATE_INFOPLIST_FILE = YES;
				INFOPLIST_FILE = DragonBallMVVM/Info.plist;
				INFOPLIST_KEY_UIApplicationSupportsIndirectInputEvents = YES;
				INFOPLIST_KEY_UILaunchStoryboardName = LaunchScreen;
				INFOPLIST_KEY_UISupportedInterfaceOrientations_iPad = "UIInterfaceOrientationPortrait UIInterfaceOrientationPortraitUpsideDown UIInterfaceOrientationLandscapeLeft UIInterfaceOrientationLandscapeRight";
				INFOPLIST_KEY_UISupportedInterfaceOrientations_iPhone = "UIInterfaceOrientationPortrait UIInterfaceOrientationLandscapeLeft UIInterfaceOrientationLandscapeRight";
				LD_RUNPATH_SEARCH_PATHS = (
					"$(inherited)",
					"@executable_path/Frameworks",
				);
				MARKETING_VERSION = 1.0;
				PRODUCT_BUNDLE_IDENTIFIER = J.B.C.DragonBallMVVM;
				PRODUCT_NAME = "$(TARGET_NAME)";
				SWIFT_EMIT_LOC_STRINGS = YES;
				SWIFT_VERSION = 5.0;
				TARGETED_DEVICE_FAMILY = "1,2";
			};
			name = Debug;
		};
		42DC87922B60EA1900250F82 /* Release */ = {
			isa = XCBuildConfiguration;
			buildSettings = {
				ASSETCATALOG_COMPILER_APPICON_NAME = AppIcon;
				ASSETCATALOG_COMPILER_GLOBAL_ACCENT_COLOR_NAME = AccentColor;
				CODE_SIGN_STYLE = Automatic;
				CURRENT_PROJECT_VERSION = 1;
				DEVELOPMENT_TEAM = L6V6H2LAL2;
				GENERATE_INFOPLIST_FILE = YES;
				INFOPLIST_FILE = DragonBallMVVM/Info.plist;
				INFOPLIST_KEY_UIApplicationSupportsIndirectInputEvents = YES;
				INFOPLIST_KEY_UILaunchStoryboardName = LaunchScreen;
				INFOPLIST_KEY_UISupportedInterfaceOrientations_iPad = "UIInterfaceOrientationPortrait UIInterfaceOrientationPortraitUpsideDown UIInterfaceOrientationLandscapeLeft UIInterfaceOrientationLandscapeRight";
				INFOPLIST_KEY_UISupportedInterfaceOrientations_iPhone = "UIInterfaceOrientationPortrait UIInterfaceOrientationLandscapeLeft UIInterfaceOrientationLandscapeRight";
				LD_RUNPATH_SEARCH_PATHS = (
					"$(inherited)",
					"@executable_path/Frameworks",
				);
				MARKETING_VERSION = 1.0;
				PRODUCT_BUNDLE_IDENTIFIER = J.B.C.DragonBallMVVM;
				PRODUCT_NAME = "$(TARGET_NAME)";
				SWIFT_EMIT_LOC_STRINGS = YES;
				SWIFT_VERSION = 5.0;
				TARGETED_DEVICE_FAMILY = "1,2";
			};
			name = Release;
		};
		42DC87942B60EA1900250F82 /* Debug */ = {
			isa = XCBuildConfiguration;
			buildSettings = {
				ALWAYS_EMBED_SWIFT_STANDARD_LIBRARIES = YES;
				BUNDLE_LOADER = "$(TEST_HOST)";
				CODE_SIGN_STYLE = Automatic;
				CURRENT_PROJECT_VERSION = 1;
				DEVELOPMENT_TEAM = L6V6H2LAL2;
				GENERATE_INFOPLIST_FILE = YES;
				IPHONEOS_DEPLOYMENT_TARGET = 17.2;
				MARKETING_VERSION = 1.0;
				PRODUCT_BUNDLE_IDENTIFIER = J.B.C.DragonBallMVVMTests;
				PRODUCT_NAME = "$(TARGET_NAME)";
				SWIFT_EMIT_LOC_STRINGS = NO;
				SWIFT_VERSION = 5.0;
				TARGETED_DEVICE_FAMILY = "1,2";
				TEST_HOST = "$(BUILT_PRODUCTS_DIR)/DragonBallMVVM.app/$(BUNDLE_EXECUTABLE_FOLDER_PATH)/DragonBallMVVM";
			};
			name = Debug;
		};
		42DC87952B60EA1900250F82 /* Release */ = {
			isa = XCBuildConfiguration;
			buildSettings = {
				ALWAYS_EMBED_SWIFT_STANDARD_LIBRARIES = YES;
				BUNDLE_LOADER = "$(TEST_HOST)";
				CODE_SIGN_STYLE = Automatic;
				CURRENT_PROJECT_VERSION = 1;
				DEVELOPMENT_TEAM = L6V6H2LAL2;
				GENERATE_INFOPLIST_FILE = YES;
				IPHONEOS_DEPLOYMENT_TARGET = 17.2;
				MARKETING_VERSION = 1.0;
				PRODUCT_BUNDLE_IDENTIFIER = J.B.C.DragonBallMVVMTests;
				PRODUCT_NAME = "$(TARGET_NAME)";
				SWIFT_EMIT_LOC_STRINGS = NO;
				SWIFT_VERSION = 5.0;
				TARGETED_DEVICE_FAMILY = "1,2";
				TEST_HOST = "$(BUILT_PRODUCTS_DIR)/DragonBallMVVM.app/$(BUNDLE_EXECUTABLE_FOLDER_PATH)/DragonBallMVVM";
			};
			name = Release;
		};
		42DC87972B60EA1900250F82 /* Debug */ = {
			isa = XCBuildConfiguration;
			buildSettings = {
				ALWAYS_EMBED_SWIFT_STANDARD_LIBRARIES = YES;
				CODE_SIGN_STYLE = Automatic;
				CURRENT_PROJECT_VERSION = 1;
				DEVELOPMENT_TEAM = L6V6H2LAL2;
				GENERATE_INFOPLIST_FILE = YES;
				MARKETING_VERSION = 1.0;
				PRODUCT_BUNDLE_IDENTIFIER = J.B.C.DragonBallMVVMUITests;
				PRODUCT_NAME = "$(TARGET_NAME)";
				SWIFT_EMIT_LOC_STRINGS = NO;
				SWIFT_VERSION = 5.0;
				TARGETED_DEVICE_FAMILY = "1,2";
				TEST_TARGET_NAME = DragonBallMVVM;
			};
			name = Debug;
		};
		42DC87982B60EA1900250F82 /* Release */ = {
			isa = XCBuildConfiguration;
			buildSettings = {
				ALWAYS_EMBED_SWIFT_STANDARD_LIBRARIES = YES;
				CODE_SIGN_STYLE = Automatic;
				CURRENT_PROJECT_VERSION = 1;
				DEVELOPMENT_TEAM = L6V6H2LAL2;
				GENERATE_INFOPLIST_FILE = YES;
				MARKETING_VERSION = 1.0;
				PRODUCT_BUNDLE_IDENTIFIER = J.B.C.DragonBallMVVMUITests;
				PRODUCT_NAME = "$(TARGET_NAME)";
				SWIFT_EMIT_LOC_STRINGS = NO;
				SWIFT_VERSION = 5.0;
				TARGETED_DEVICE_FAMILY = "1,2";
				TEST_TARGET_NAME = DragonBallMVVM;
			};
			name = Release;
		};
/* End XCBuildConfiguration section */

/* Begin XCConfigurationList section */
		42DC87612B60EA1700250F82 /* Build configuration list for PBXProject "DragonBallMVVM" */ = {
			isa = XCConfigurationList;
			buildConfigurations = (
				42DC878E2B60EA1900250F82 /* Debug */,
				42DC878F2B60EA1900250F82 /* Release */,
			);
			defaultConfigurationIsVisible = 0;
			defaultConfigurationName = Release;
		};
		42DC87902B60EA1900250F82 /* Build configuration list for PBXNativeTarget "DragonBallMVVM" */ = {
			isa = XCConfigurationList;
			buildConfigurations = (
				42DC87912B60EA1900250F82 /* Debug */,
				42DC87922B60EA1900250F82 /* Release */,
			);
			defaultConfigurationIsVisible = 0;
			defaultConfigurationName = Release;
		};
		42DC87932B60EA1900250F82 /* Build configuration list for PBXNativeTarget "DragonBallMVVMTests" */ = {
			isa = XCConfigurationList;
			buildConfigurations = (
				42DC87942B60EA1900250F82 /* Debug */,
				42DC87952B60EA1900250F82 /* Release */,
			);
			defaultConfigurationIsVisible = 0;
			defaultConfigurationName = Release;
		};
		42DC87962B60EA1900250F82 /* Build configuration list for PBXNativeTarget "DragonBallMVVMUITests" */ = {
			isa = XCConfigurationList;
			buildConfigurations = (
				42DC87972B60EA1900250F82 /* Debug */,
				42DC87982B60EA1900250F82 /* Release */,
			);
			defaultConfigurationIsVisible = 0;
			defaultConfigurationName = Release;
		};
/* End XCConfigurationList section */
	};
	rootObject = 42DC875E2B60EA1700250F82 /* Project object */;
}
